
Microsoft Visual Studio Solution File, Format Version 12.00
# Visual Studio Version 17
VisualStudioVersion = 17.5.002.0
MinimumVisualStudioVersion = 10.0.40219.1
Project("{9A19103F-16F7-4668-BE54-9A1E7A4F7556}") = "BlazorStaticWebsite", "BlazorStaticWebsite.csproj", "{568094C8-1254-4708-BDA0-AF8B0671318A}"
EndProject
Global
	GlobalSection(SolutionConfigurationPlatforms) = preSolution
		Debug|Any CPU = Debug|Any CPU
		Release|Any CPU = Release|Any CPU
	EndGlobalSection
	GlobalSection(ProjectConfigurationPlatforms) = postSolution
		{568094C8-1254-4708-BDA0-AF8B0671318A}.Debug|Any CPU.ActiveCfg = Debug|Any CPU
		{568094C8-1254-4708-BDA0-AF8B0671318A}.Debug|Any CPU.Build.0 = Debug|Any CPU
		{568094C8-1254-4708-BDA0-AF8B0671318A}.Release|Any CPU.ActiveCfg = Release|Any CPU
		{568094C8-1254-4708-BDA0-AF8B0671318A}.Release|Any CPU.Build.0 = Release|Any CPU
	EndGlobalSection
	GlobalSection(SolutionProperties) = preSolution
		HideSolutionNode = FALSE
	EndGlobalSection
	GlobalSection(ExtensibilityGlobals) = postSolution
		SolutionGuid = {E5E5D583-D827-4C28-8A13-D62867339FF4}
	EndGlobalSection
EndGlobal
